{
  "version": 4,
  "terraform_version": "1.11.1",
  "serial": 2,
  "lineage": "d5cb3818-0634-74e0-564b-cc7a2a66f40f",
  "outputs": {},
  "resources": [
    {
      "mode": "managed",
      "type": "spotify_playlist",
      "name": "Metal",
      "provider": "provider[\"registry.terraform.io/conradludgate/spotify\"]",
      "instances": [
        {
          "schema_version": 0,
          "attributes": {
            "description": "",
            "id": "51JBrI28m3g65WO6jmsjH0",
            "name": "Metal core",
            "public": true,
            "snapshot_id": "AAAAAtkFh3YgBH8ExnR7awE6Iwffgl9q",
            "tracks": [
              "0fX9KPa0i9RGDI59gI90i9"
            ]
          },
          "sensitive_attributes": [],
          "private": "bnVsbA=="
        }
      ]
    }
  ],
  "check_results": null
}
